# THIS IS AN AUTOGENERATED FILE. DO NOT EDIT THIS FILE DIRECTLY.
# yarn lockfile v1


cli-spinner@^0.2.8:
  version "0.2.8"
  resolved "https://registry.yarnpkg.com/cli-spinner/-/cli-spinner-0.2.8.tgz#8169d9ffae870676445e6ee4397e95a7a15bd805"

fs@^0.0.1-security:
  version "0.0.1-security"
  resolved "https://registry.yarnpkg.com/fs/-/fs-0.0.1-security.tgz#8a7bd37186b6dddf3813f23858b57ecaaf5e41d4"
